{"name":"live2d-widget-model-epsilon2_1","version":"1.0.5","lockfileVersion":3,"requires":true,"packages":{"":{"name":"live2d-widget-model-epsilon2_1","version":"1.0.5","license":"GPL-2.0","dependencies":{"live2d-widget-model-epsilon2_1":"file:"}},"node_modules/live2d-widget-model-epsilon2_1":{"resolved":"","link":true}}}