{"name":"live2d-widget-model-hibiki","version":"1.0.5","lockfileVersion":3,"requires":true,"packages":{"":{"name":"live2d-widget-model-hibiki","version":"1.0.5","license":"GPL-2.0","dependencies":{"live2d-widget-model-hibiki":"file:"}},"node_modules/live2d-widget-model-hibiki":{"resolved":"","link":true}}}